title: Observability Platform API Authentication Event (Cross-Source Burst Building Block)
id: b5756186-42bf-480c-b343-423a35d27336
status: experimental
description: >-
  Detects an authentication event against one of four enterprise observability platforms
  (IBM Instana, SolarWinds Orion, Zabbix, VMware Aria). This is a single-event building block:
  the Turkish ARPA operator's Observability-Tool Reverse Pipeline TTP is defined by the SAME
  source IP authenticating against 2 or more of these platforms within a 10-minute window,
  which requires cross-event correlation that this per-event Sigma rule cannot itself express.
  Deploy alongside a SIEM-native correlation counting distinct EventSource values per source IP
  within a 10-minute window; a single match on this rule alone is common and not indicative of
  malicious activity. (Corrected from the original rule, whose condition ANDed together four
  selections that each require a different, mutually exclusive EventSource value on the SAME
  event record — logic that could never evaluate true on any single log event.)
references:
    - https://the-hunters-ledger.com/hunting-detections/turkish-arpa-openclaw-state-insurer-209.38.205.158-detections/
author: The Hunters Ledger
date: '2026-05-26'
tags:
    - attack.collection
    - attack.t1119
    - attack.credential-access
    - attack.discovery
    - attack.t1046
    - detection.emerging-threats
logsource:
    product: generic
    service: observability_audit
detection:
    selection_instana:
        EventSource: 'ibm_instana'
        EventType: 'api_authentication'
    selection_solarwinds:
        EventSource: 'solarwinds_orion'
        EventType: 'api_authentication'
    selection_zabbix:
        EventSource: 'zabbix'
        EventType: 'api_login'
    selection_vmware_aria:
        EventSource: 'vmware_aria'
        EventType: 'api_authentication'
    condition: 1 of selection_*
falsepositives:
    - Legitimate SIEM/SOAR platforms collecting from multiple APM sources via centralized service accounts — a single hit is common and requires the companion cross-source correlation before treating as suspicious
    - Any single legitimate authentication event to one of these platforms — this rule is a building block and should not be alerted on standalone
level: low

